
Microsoft Visual Studio Solution File, Format Version 12.00
# Visual Studio Version 16
VisualStudioVersion = 16.0.31112.23
MinimumVisualStudioVersion = 10.0.40219.1
Project("{9A19103F-16F7-4668-BE54-9A1E7A4F7556}") = "PharmaMedicineClient", "PharmaMedicineClient.csproj", "{BE5D18D4-DFB8-45E3-AACF-E56BB7205038}"
EndProject
Global
	GlobalSection(SolutionConfigurationPlatforms) = preSolution
		Debug|Any CPU = Debug|Any CPU
		Release|Any CPU = Release|Any CPU
	EndGlobalSection
	GlobalSection(ProjectConfigurationPlatforms) = postSolution
		{BE5D18D4-DFB8-45E3-AACF-E56BB7205038}.Debug|Any CPU.ActiveCfg = Debug|Any CPU
		{BE5D18D4-DFB8-45E3-AACF-E56BB7205038}.Debug|Any CPU.Build.0 = Debug|Any CPU
		{BE5D18D4-DFB8-45E3-AACF-E56BB7205038}.Release|Any CPU.ActiveCfg = Release|Any CPU
		{BE5D18D4-DFB8-45E3-AACF-E56BB7205038}.Release|Any CPU.Build.0 = Release|Any CPU
	EndGlobalSection
	GlobalSection(SolutionProperties) = preSolution
		HideSolutionNode = FALSE
	EndGlobalSection
	GlobalSection(ExtensibilityGlobals) = postSolution
		SolutionGuid = {BA919B61-089B-4F0F-A372-7248651EC3AE}
	EndGlobalSection
EndGlobal
